// !$*UTF8*$!
{
	archiveVersion = 1;
	classes = {
	};
	objectVersion = 50;
	objects = {

/* Begin PBXBuildFile section */
		9E71E4A024957BAE005AB97D /* AppDelegate.swift in Sources */ = {isa = PBXBuildFile; fileRef = 9E71E49F24957BAE005AB97D /* AppDelegate.swift */; };
		9E71E4A224957BAE005AB97D /* SceneDelegate.swift in Sources */ = {isa = PBXBuildFile; fileRef = 9E71E4A124957BAE005AB97D /* SceneDelegate.swift */; };
		9E71E4A724957BAE005AB97D /* Main.storyboard in Resources */ = {isa = PBXBuildFile; fileRef = 9E71E4A524957BAE005AB97D /* Main.storyboard */; };
		9E71E4A924957BB1005AB97D /* Assets.xcassets in Resources */ = {isa = PBXBuildFile; fileRef = 9E71E4A824957BB1005AB97D /* Assets.xcassets */; };
		9E71E4AC24957BB1005AB97D /* LaunchScreen.storyboard in Resources */ = {isa = PBXBuildFile; fileRef = 9E71E4AA24957BB1005AB97D /* LaunchScreen.storyboard */; };
		9E71E4B724958710005AB97D /* K.swift in Sources */ = {isa = PBXBuildFile; fileRef = 9E71E4B624958710005AB97D /* K.swift */; };
		9E9ACF502497EC2300EC9C89 /* TodoeyModel.swift in Sources */ = {isa = PBXBuildFile; fileRef = 9E9ACF4F2497EC2300EC9C89 /* TodoeyModel.swift */; };
		9EE2AE582498030C00222386 /* ListChooserTableViewController.swift in Sources */ = {isa = PBXBuildFile; fileRef = 9EE2AE572498030C00222386 /* ListChooserTableViewController.swift */; };
		9EE2AE5A249803F700222386 /* ListTableViewController.swift in Sources */ = {isa = PBXBuildFile; fileRef = 9EE2AE59249803F700222386 /* ListTableViewController.swift */; };
/* End PBXBuildFile section */

/* Begin PBXFileReference section */
		9E71E49C24957BAE005AB97D /* todoey.app */ = {isa = PBXFileReference; explicitFileType = wrapper.application; includeInIndex = 0; path = todoey.app; sourceTree = BUILT_PRODUCTS_DIR; };
		9E71E49F24957BAE005AB97D /* AppDelegate.swift */ = {isa = PBXFileReference; lastKnownFileType = sourcecode.swift; path = AppDelegate.swift; sourceTree = "<group>"; };
		9E71E4A124957BAE005AB97D /* SceneDelegate.swift */ = {isa = PBXFileReference; lastKnownFileType = sourcecode.swift; path = SceneDelegate.swift; sourceTree = "<group>"; };
		9E71E4A624957BAE005AB97D /* Base */ = {isa = PBXFileReference; lastKnownFileType = file.storyboard; name = Base; path = Base.lproj/Main.storyboard; sourceTree = "<group>"; };
		9E71E4A824957BB1005AB97D /* Assets.xcassets */ = {isa = PBXFileReference; lastKnownFileType = folder.assetcatalog; path = Assets.xcassets; sourceTree = "<group>"; };
		9E71E4AB24957BB1005AB97D /* Base */ = {isa = PBXFileReference; lastKnownFileType = file.storyboard; name = Base; path = Base.lproj/LaunchScreen.storyboard; sourceTree = "<group>"; };
		9E71E4AD24957BB1005AB97D /* Info.plist */ = {isa = PBXFileReference; lastKnownFileType = text.plist.xml; path = Info.plist; sourceTree = "<group>"; };
		9E71E4B624958710005AB97D /* K.swift */ = {isa = PBXFileReference; lastKnownFileType = sourcecode.swift; path = K.swift; sourceTree = "<group>"; };
		9E9ACF4F2497EC2300EC9C89 /* TodoeyModel.swift */ = {isa = PBXFileReference; lastKnownFileType = sourcecode.swift; path = TodoeyModel.swift; sourceTree = "<group>"; };
		9EE2AE572498030C00222386 /* ListChooserTableViewController.swift */ = {isa = PBXFileReference; lastKnownFileType = sourcecode.swift; path = ListChooserTableViewController.swift; sourceTree = "<group>"; };
		9EE2AE59249803F700222386 /* ListTableViewController.swift */ = {isa = PBXFileReference; lastKnownFileType = sourcecode.swift; path = ListTableViewController.swift; sourceTree = "<group>"; };
/* End PBXFileReference section */

/* Begin PBXFrameworksBuildPhase section */
		9E71E49924957BAE005AB97D /* Frameworks */ = {
			isa = PBXFrameworksBuildPhase;
			buildActionMask = 2147483647;
			files = (
			);
			runOnlyForDeploymentPostprocessing = 0;
		};
/* End PBXFrameworksBuildPhase section */

/* Begin PBXGroup section */
		9E60CF8E24A932400087244F /* Controllers */ = {
			isa = PBXGroup;
			children = (
				9EE2AE572498030C00222386 /* ListChooserTableViewController.swift */,
				9EE2AE59249803F700222386 /* ListTableViewController.swift */,
			);
			path = Controllers;
			sourceTree = "<group>";
		};
		9E71E49324957BAE005AB97D = {
			isa = PBXGroup;
			children = (
				9E71E49E24957BAE005AB97D /* todoey */,
				9E71E49D24957BAE005AB97D /* Products */,
			);
			sourceTree = "<group>";
		};
		9E71E49D24957BAE005AB97D /* Products */ = {
			isa = PBXGroup;
			children = (
				9E71E49C24957BAE005AB97D /* todoey.app */,
			);
			name = Products;
			sourceTree = "<group>";
		};
		9E71E49E24957BAE005AB97D /* todoey */ = {
			isa = PBXGroup;
			children = (
				9E71E4A524957BAE005AB97D /* Main.storyboard */,
				9E60CF8E24A932400087244F /* Controllers */,
				9E9ACF4F2497EC2300EC9C89 /* TodoeyModel.swift */,
				9E71E4B624958710005AB97D /* K.swift */,
				9E71E4AD24957BB1005AB97D /* Info.plist */,
				9E71E4A824957BB1005AB97D /* Assets.xcassets */,
				9E71E4B324957C5B005AB97D /* Supporting Files */,
			);
			path = todoey;
			sourceTree = "<group>";
		};
		9E71E4B324957C5B005AB97D /* Supporting Files */ = {
			isa = PBXGroup;
			children = (
				9E71E4AA24957BB1005AB97D /* LaunchScreen.storyboard */,
				9E71E49F24957BAE005AB97D /* AppDelegate.swift */,
				9E71E4A124957BAE005AB97D /* SceneDelegate.swift */,
			);
			path = "Supporting Files";
			sourceTree = "<group>";
		};
/* End PBXGroup section */

/* Begin PBXNativeTarget section */
		9E71E49B24957BAE005AB97D /* todoey */ = {
			isa = PBXNativeTarget;
			buildConfigurationList = 9E71E4B024957BB1005AB97D /* Build configuration list for PBXNativeTarget "todoey" */;
			buildPhases = (
				9E71E49824957BAE005AB97D /* Sources */,
				9E71E49924957BAE005AB97D /* Frameworks */,
				9E71E49A24957BAE005AB97D /* Resources */,
			);
			buildRules = (
			);
			dependencies = (
			);
			name = todoey;
			productName = todoey;
			productReference = 9E71E49C24957BAE005AB97D /* todoey.app */;
			productType = "com.apple.product-type.application";
		};
/* End PBXNativeTarget section */

/* Begin PBXProject section */
		9E71E49424957BAE005AB97D /* Project object */ = {
			isa = PBXProject;
			attributes = {
				LastSwiftUpdateCheck = 1140;
				LastUpgradeCheck = 1140;
				ORGANIZATIONNAME = SebastianMalm;
				TargetAttributes = {
					9E71E49B24957BAE005AB97D = {
						CreatedOnToolsVersion = 11.4.1;
					};
				};
			};
			buildConfigurationList = 9E71E49724957BAE005AB97D /* Build configuration list for PBXProject "todoey" */;
			compatibilityVersion = "Xcode 9.3";
			developmentRegion = en;
			hasScannedForEncodings = 0;
			knownRegions = (
				en,
				Base,
			);
			mainGroup = 9E71E49324957BAE005AB97D;
			productRefGroup = 9E71E49D24957BAE005AB97D /* Products */;
			projectDirPath = "";
			projectRoot = "";
			targets = (
				9E71E49B24957BAE005AB97D /* todoey */,
			);
		};
/* End PBXProject section */

/* Begin PBXResourcesBuildPhase section */
		9E71E49A24957BAE005AB97D /* Resources */ = {
			isa = PBXResourcesBuildPhase;
			buildActionMask = 2147483647;
			files = (
				9E71E4AC24957BB1005AB97D /* LaunchScreen.storyboard in Resources */,
				9E71E4A924957BB1005AB97D /* Assets.xcassets in Resources */,
				9E71E4A724957BAE005AB97D /* Main.storyboard in Resources */,
			);
			runOnlyForDeploymentPostprocessing = 0;
		};
/* End PBXResourcesBuildPhase section */

/* Begin PBXSourcesBuildPhase section */
		9E71E49824957BAE005AB97D /* Sources */ = {
			isa = PBXSourcesBuildPhase;
			buildActionMask = 2147483647;
			files = (
				9E71E4A024957BAE005AB97D /* AppDelegate.swift in Sources */,
				9E9ACF502497EC2300EC9C89 /* TodoeyModel.swift in Sources */,
				9E71E4B724958710005AB97D /* K.swift in Sources */,
				9EE2AE582498030C00222386 /* ListChooserTableViewController.swift in Sources */,
				9EE2AE5A249803F700222386 /* ListTableViewController.swift in Sources */,
				9E71E4A224957BAE005AB97D /* SceneDelegate.swift in Sources */,
			);
			runOnlyForDeploymentPostprocessing = 0;
		};
/* End PBXSourcesBuildPhase section */

/* Begin PBXVariantGroup section */
		9E71E4A524957BAE005AB97D /* Main.storyboard */ = {
			isa = PBXVariantGroup;
			children = (
				9E71E4A624957BAE005AB97D /* Base */,
			);
			name = Main.storyboard;
			sourceTree = "<group>";
		};
		9E71E4AA24957BB1005AB97D /* LaunchScreen.storyboard */ = {
			isa = PBXVariantGroup;
			children = (
				9E71E4AB24957BB1005AB97D /* Base */,
			);
			name = LaunchScreen.storyboard;
			sourceTree = "<group>";
		};
/* End PBXVariantGroup section */

/* Begin XCBuildConfiguration section */
		9E71E4AE24957BB1005AB97D /* Debug */ = {
			isa = XCBuildConfiguration;
			buildSettings = {
				ALWAYS_SEARCH_USER_PATHS = NO;
				CLANG_ANALYZER_NONNULL = YES;
				CLANG_ANALYZER_NUMBER_OBJECT_CONVERSION = YES_AGGRESSIVE;
				CLANG_CXX_LANGUAGE_STANDARD = "gnu++14";
				CLANG_CXX_LIBRARY = "libc++";
				CLANG_ENABLE_MODULES = YES;
				CLANG_ENABLE_OBJC_ARC = YES;
				CLANG_ENABLE_OBJC_WEAK = YES;
				CLANG_WARN_BLOCK_CAPTURE_AUTORELEASING = YES;
				CLANG_WARN_BOOL_CONVERSION = YES;
				CLANG_WARN_COMMA = YES;
				CLANG_WARN_CONSTANT_CONVERSION = YES;
				CLANG_WARN_DEPRECATED_OBJC_IMPLEMENTATIONS = YES;
				CLANG_WARN_DIRECT_OBJC_ISA_USAGE = YES_ERROR;
				CLANG_WARN_DOCUMENTATION_COMMENTS = YES;
				CLANG_WARN_EMPTY_BODY = YES;
				CLANG_WARN_ENUM_CONVERSION = YES;
				CLANG_WARN_INFINITE_RECURSION = YES;
				CLANG_WARN_INT_CONVERSION = YES;
				CLANG_WARN_NON_LITERAL_NULL_CONVERSION = YES;
				CLANG_WARN_OBJC_IMPLICIT_RETAIN_SELF = YES;
				CLANG_WARN_OBJC_LITERAL_CONVERSION = YES;
				CLANG_WARN_OBJC_ROOT_CLASS = YES_ERROR;
				CLANG_WARN_RANGE_LOOP_ANALYSIS = YES;
				CLANG_WARN_STRICT_PROTOTYPES = YES;
				CLANG_WARN_SUSPICIOUS_MOVE = YES;
				CLANG_WARN_UNGUARDED_AVAILABILITY = YES_AGGRESSIVE;
				CLANG_WARN_UNREACHABLE_CODE = YES;
				CLANG_WARN__DUPLICATE_METHOD_MATCH = YES;
				COPY_PHASE_STRIP = NO;
				DEBUG_INFORMATION_FORMAT = dwarf;
				ENABLE_STRICT_OBJC_MSGSEND = YES;
				ENABLE_TESTABILITY = YES;
				GCC_C_LANGUAGE_STANDARD = gnu11;
				GCC_DYNAMIC_NO_PIC = NO;
				GCC_NO_COMMON_BLOCKS = YES;
				GCC_OPTIMIZATION_LEVEL = 0;
				GCC_PREPROCESSOR_DEFINITIONS = (
					"DEBUG=1",
					"$(inherited)",
				);
				GCC_WARN_64_TO_32_BIT_CONVERSION = YES;
				GCC_WARN_ABOUT_RETURN_TYPE = YES_ERROR;
				GCC_WARN_UNDECLARED_SELECTOR = YES;
				GCC_WARN_UNINITIALIZED_AUTOS = YES_AGGRESSIVE;
				GCC_WARN_UNUSED_FUNCTION = YES;
				GCC_WARN_UNUSED_VARIABLE = YES;
				IPHONEOS_DEPLOYMENT_TARGET = 13.4;
				MTL_ENABLE_DEBUG_INFO = INCLUDE_SOURCE;
				MTL_FAST_MATH = YES;
				ONLY_ACTIVE_ARCH = YES;
				SDKROOT = iphoneos;
				SWIFT_ACTIVE_COMPILATION_CONDITIONS = DEBUG;
				SWIFT_OPTIMIZATION_LEVEL = "-Onone";
			};
			name = Debug;
		};
		9E71E4AF24957BB1005AB97D /* Release */ = {
			isa = XCBuildConfiguration;
			buildSettings = {
				ALWAYS_SEARCH_USER_PATHS = NO;
				CLANG_ANALYZER_NONNULL = YES;
				CLANG_ANALYZER_NUMBER_OBJECT_CONVERSION = YES_AGGRESSIVE;
				CLANG_CXX_LANGUAGE_STANDARD = "gnu++14";
				CLANG_CXX_LIBRARY = "libc++";
				CLANG_ENABLE_MODULES = YES;
				CLANG_ENABLE_OBJC_ARC = YES;
				CLANG_ENABLE_OBJC_WEAK = YES;
				CLANG_WARN_BLOCK_CAPTURE_AUTORELEASING = YES;
				CLANG_WARN_BOOL_CONVERSION = YES;
				CLANG_WARN_COMMA = YES;
				CLANG_WARN_CONSTANT_CONVERSION = YES;
				CLANG_WARN_DEPRECATED_OBJC_IMPLEMENTATIONS = YES;
				CLANG_WARN_DIRECT_OBJC_ISA_USAGE = YES_ERROR;
				CLANG_WARN_DOCUMENTATION_COMMENTS = YES;
				CLANG_WARN_EMPTY_BODY = YES;
				CLANG_WARN_ENUM_CONVERSION = YES;
				CLANG_WARN_INFINITE_RECURSION = YES;
				CLANG_WARN_INT_CONVERSION = YES;
				CLANG_WARN_NON_LITERAL_NULL_CONVERSION = YES;
				CLANG_WARN_OBJC_IMPLICIT_RETAIN_SELF = YES;
				CLANG_WARN_OBJC_LITERAL_CONVERSION = YES;
				CLANG_WARN_OBJC_ROOT_CLASS = YES_ERROR;
				CLANG_WARN_RANGE_LOOP_ANALYSIS = YES;
				CLANG_WARN_STRICT_PROTOTYPES = YES;
				CLANG_WARN_SUSPICIOUS_MOVE = YES;
				CLANG_WARN_UNGUARDED_AVAILABILITY = YES_AGGRESSIVE;
				CLANG_WARN_UNREACHABLE_CODE = YES;
				CLANG_WARN__DUPLICATE_METHOD_MATCH = YES;
				COPY_PHASE_STRIP = NO;
				DEBUG_INFORMATION_FORMAT = "dwarf-with-dsym";
				ENABLE_NS_ASSERTIONS = NO;
				ENABLE_STRICT_OBJC_MSGSEND = YES;
				GCC_C_LANGUAGE_STANDARD = gnu11;
				GCC_NO_COMMON_BLOCKS = YES;
				GCC_WARN_64_TO_32_BIT_CONVERSION = YES;
				GCC_WARN_ABOUT_RETURN_TYPE = YES_ERROR;
				GCC_WARN_UNDECLARED_SELECTOR = YES;
				GCC_WARN_UNINITIALIZED_AUTOS = YES_AGGRESSIVE;
				GCC_WARN_UNUSED_FUNCTION = YES;
				GCC_WARN_UNUSED_VARIABLE = YES;
				IPHONEOS_DEPLOYMENT_TARGET = 13.4;
				MTL_ENABLE_DEBUG_INFO = NO;
				MTL_FAST_MATH = YES;
				SDKROOT = iphoneos;
				SWIFT_COMPILATION_MODE = wholemodule;
				SWIFT_OPTIMIZATION_LEVEL = "-O";
				VALIDATE_PRODUCT = YES;
			};
			name = Release;
		};
		9E71E4B124957BB1005AB97D /* Debug */ = {
			isa = XCBuildConfiguration;
			buildSettings = {
				ASSETCATALOG_COMPILER_APPICON_NAME = AppIcon;
				CODE_SIGN_STYLE = Automatic;
				DEVELOPMENT_TEAM = TK388M95MH;
				INFOPLIST_FILE = todoey/Info.plist;
				LD_RUNPATH_SEARCH_PATHS = (
					"$(inherited)",
					"@executable_path/Frameworks",
				);
				PRODUCT_BUNDLE_IDENTIFIER = com.SebastianMalm.todoey;
				PRODUCT_NAME = "$(TARGET_NAME)";
				SWIFT_VERSION = 5.0;
				TARGETED_DEVICE_FAMILY = 1;
			};
			name = Debug;
		};
		9E71E4B224957BB1005AB97D /* Release */ = {
			isa = XCBuildConfiguration;
			buildSettings = {
				ASSETCATALOG_COMPILER_APPICON_NAME = AppIcon;
				CODE_SIGN_STYLE = Automatic;
				DEVELOPMENT_TEAM = TK388M95MH;
				INFOPLIST_FILE = todoey/Info.plist;
				LD_RUNPATH_SEARCH_PATHS = (
					"$(inherited)",
					"@executable_path/Frameworks",
				);
				PRODUCT_BUNDLE_IDENTIFIER = com.SebastianMalm.todoey;
				PRODUCT_NAME = "$(TARGET_NAME)";
				SWIFT_VERSION = 5.0;
				TARGETED_DEVICE_FAMILY = 1;
			};
			name = Release;
		};
/* End XCBuildConfiguration section */

/* Begin XCConfigurationList section */
		9E71E49724957BAE005AB97D /* Build configuration list for PBXProject "todoey" */ = {
			isa = XCConfigurationList;
			buildConfigurations = (
				9E71E4AE24957BB1005AB97D /* Debug */,
				9E71E4AF24957BB1005AB97D /* Release */,
			);
			defaultConfigurationIsVisible = 0;
			defaultConfigurationName = Release;
		};
		9E71E4B024957BB1005AB97D /* Build configuration list for PBXNativeTarget "todoey" */ = {
			isa = XCConfigurationList;
			buildConfigurations = (
				9E71E4B124957BB1005AB97D /* Debug */,
				9E71E4B224957BB1005AB97D /* Release */,
			);
			defaultConfigurationIsVisible = 0;
			defaultConfigurationName = Release;
		};
/* End XCConfigurationList section */
	};
	rootObject = 9E71E49424957BAE005AB97D /* Project object */;
}
